{
  "name": "gvcf2tfasta",
  "lockfileVersion": 3,
  "requires": true,
  "packages": {
    "": {
      "dependencies": {
        "bats-assert": "github:ztombol/bats-assert",
        "bats-file": "github:ztombol/bats-file",
        "bats-support": "github:ztombol/bats-support"
      }
    },
    "node_modules/bats-assert": {
      "version": "0.3.0",
      "resolved": "git+ssh://git@github.com/ztombol/bats-assert.git#9f88b4207da750093baabc4e3f41bf68f0dd3630",
      "peerDependencies": {
        "bats-support": "git+https://github.com/ztombol/bats-support.git#v0.2.0"
      }
    },
    "node_modules/bats-file": {
      "version": "0.2.0",
      "resolved": "git+ssh://git@github.com/ztombol/bats-file.git#2fddb2b831d65cdf2e411f3b47f4677fbb15729c",
      "peerDependencies": {
        "bats-support": "git+https://github.com/ztombol/bats-support.git#v0.3.0"
      }
    },
    "node_modules/bats-support": {
      "version": "0.3.0",
      "resolved": "git+ssh://git@github.com/ztombol/bats-support.git#004e707638eedd62e0481e8cdc9223ad471f12ee"
    }
  }
}
